// !$*UTF8*$!
{
	archiveVersion = 1;
	classes = {
	};
	objectVersion = 46;
	objects = {

/* Begin PBXBuildFile section */
		09D26A5318BC03E800590E59 /* Cocoa.framework in Frameworks */ = {isa = PBXBuildFile; fileRef = 09D26A5218BC03E800590E59 /* Cocoa.framework */; };
		09D26A5D18BC03E800590E59 /* InfoPlist.strings in Resources */ = {isa = PBXBuildFile; fileRef = 09D26A5B18BC03E800590E59 /* InfoPlist.strings */; };
		09D26A5F18BC03E800590E59 /* main.m in Sources */ = {isa = PBXBuildFile; fileRef = 09D26A5E18BC03E800590E59 /* main.m */; };
		09D26A6318BC03E800590E59 /* Credits.rtf in Resources */ = {isa = PBXBuildFile; fileRef = 09D26A6118BC03E800590E59 /* Credits.rtf */; };
		09D26A6618BC03E800590E59 /* FBAppDelegate.m in Sources */ = {isa = PBXBuildFile; fileRef = 09D26A6518BC03E800590E59 /* FBAppDelegate.m */; };
		09D26A6918BC03E800590E59 /* MainMenu.xib in Resources */ = {isa = PBXBuildFile; fileRef = 09D26A6718BC03E800590E59 /* MainMenu.xib */; };
		09D26A6B18BC03E800590E59 /* Images.xcassets in Resources */ = {isa = PBXBuildFile; fileRef = 09D26A6A18BC03E800590E59 /* Images.xcassets */; };
		09D26A7218BC03E800590E59 /* XCTest.framework in Frameworks */ = {isa = PBXBuildFile; fileRef = 09D26A7118BC03E800590E59 /* XCTest.framework */; };
		09D26A7318BC03E800590E59 /* Cocoa.framework in Frameworks */ = {isa = PBXBuildFile; fileRef = 09D26A5218BC03E800590E59 /* Cocoa.framework */; };
		09D26A7B18BC03E800590E59 /* InfoPlist.strings in Resources */ = {isa = PBXBuildFile; fileRef = 09D26A7918BC03E800590E59 /* InfoPlist.strings */; };
		09D26A7D18BC03E800590E59 /* FontBroTests.m in Sources */ = {isa = PBXBuildFile; fileRef = 09D26A7C18BC03E800590E59 /* FontBroTests.m */; };
		09D26A8818BC53BD00590E59 /* FBFontListViewController.m in Sources */ = {isa = PBXBuildFile; fileRef = 09D26A8718BC53BD00590E59 /* FBFontListViewController.m */; };
		09D26A8A18BC545C00590E59 /* CoreText.framework in Frameworks */ = {isa = PBXBuildFile; fileRef = 09D26A8918BC545C00590E59 /* CoreText.framework */; };
		09D26A8E18BC972300590E59 /* icon.png in Resources */ = {isa = PBXBuildFile; fileRef = 09D26A8D18BC972300590E59 /* icon.png */; };
/* End PBXBuildFile section */

/* Begin PBXContainerItemProxy section */
		09D26A7418BC03E800590E59 /* PBXContainerItemProxy */ = {
			isa = PBXContainerItemProxy;
			containerPortal = 09D26A4718BC03E800590E59 /* Project object */;
			proxyType = 1;
			remoteGlobalIDString = 09D26A4E18BC03E800590E59;
			remoteInfo = FontBro;
		};
/* End PBXContainerItemProxy section */

/* Begin PBXFileReference section */
		09D26A4F18BC03E800590E59 /* FontBro.app */ = {isa = PBXFileReference; explicitFileType = wrapper.application; includeInIndex = 0; path = FontBro.app; sourceTree = BUILT_PRODUCTS_DIR; };
		09D26A5218BC03E800590E59 /* Cocoa.framework */ = {isa = PBXFileReference; lastKnownFileType = wrapper.framework; name = Cocoa.framework; path = System/Library/Frameworks/Cocoa.framework; sourceTree = SDKROOT; };
		09D26A5518BC03E800590E59 /* AppKit.framework */ = {isa = PBXFileReference; lastKnownFileType = wrapper.framework; name = AppKit.framework; path = System/Library/Frameworks/AppKit.framework; sourceTree = SDKROOT; };
		09D26A5618BC03E800590E59 /* CoreData.framework */ = {isa = PBXFileReference; lastKnownFileType = wrapper.framework; name = CoreData.framework; path = System/Library/Frameworks/CoreData.framework; sourceTree = SDKROOT; };
		09D26A5718BC03E800590E59 /* Foundation.framework */ = {isa = PBXFileReference; lastKnownFileType = wrapper.framework; name = Foundation.framework; path = System/Library/Frameworks/Foundation.framework; sourceTree = SDKROOT; };
		09D26A5A18BC03E800590E59 /* FontBro-Info.plist */ = {isa = PBXFileReference; lastKnownFileType = text.plist.xml; path = "FontBro-Info.plist"; sourceTree = "<group>"; };
		09D26A5C18BC03E800590E59 /* en */ = {isa = PBXFileReference; lastKnownFileType = text.plist.strings; name = en; path = en.lproj/InfoPlist.strings; sourceTree = "<group>"; };
		09D26A5E18BC03E800590E59 /* main.m */ = {isa = PBXFileReference; lastKnownFileType = sourcecode.c.objc; path = main.m; sourceTree = "<group>"; };
		09D26A6018BC03E800590E59 /* FontBro-Prefix.pch */ = {isa = PBXFileReference; lastKnownFileType = sourcecode.c.h; path = "FontBro-Prefix.pch"; sourceTree = "<group>"; };
		09D26A6218BC03E800590E59 /* en */ = {isa = PBXFileReference; lastKnownFileType = text.rtf; name = en; path = en.lproj/Credits.rtf; sourceTree = "<group>"; };
		09D26A6418BC03E800590E59 /* FBAppDelegate.h */ = {isa = PBXFileReference; lastKnownFileType = sourcecode.c.h; path = FBAppDelegate.h; sourceTree = "<group>"; };
		09D26A6518BC03E800590E59 /* FBAppDelegate.m */ = {isa = PBXFileReference; lastKnownFileType = sourcecode.c.objc; path = FBAppDelegate.m; sourceTree = "<group>"; };
		09D26A6818BC03E800590E59 /* Base */ = {isa = PBXFileReference; lastKnownFileType = file.xib; name = Base; path = Base.lproj/MainMenu.xib; sourceTree = "<group>"; };
		09D26A6A18BC03E800590E59 /* Images.xcassets */ = {isa = PBXFileReference; lastKnownFileType = folder.assetcatalog; path = Images.xcassets; sourceTree = "<group>"; };
		09D26A7018BC03E800590E59 /* FontBroTests.xctest */ = {isa = PBXFileReference; explicitFileType = wrapper.cfbundle; includeInIndex = 0; path = FontBroTests.xctest; sourceTree = BUILT_PRODUCTS_DIR; };
		09D26A7118BC03E800590E59 /* XCTest.framework */ = {isa = PBXFileReference; lastKnownFileType = wrapper.framework; name = XCTest.framework; path = Library/Frameworks/XCTest.framework; sourceTree = DEVELOPER_DIR; };
		09D26A7818BC03E800590E59 /* FontBroTests-Info.plist */ = {isa = PBXFileReference; lastKnownFileType = text.plist.xml; path = "FontBroTests-Info.plist"; sourceTree = "<group>"; };
		09D26A7A18BC03E800590E59 /* en */ = {isa = PBXFileReference; lastKnownFileType = text.plist.strings; name = en; path = en.lproj/InfoPlist.strings; sourceTree = "<group>"; };
		09D26A7C18BC03E800590E59 /* FontBroTests.m */ = {isa = PBXFileReference; lastKnownFileType = sourcecode.c.objc; path = FontBroTests.m; sourceTree = "<group>"; };
		09D26A8618BC53BD00590E59 /* FBFontListViewController.h */ = {isa = PBXFileReference; fileEncoding = 4; lastKnownFileType = sourcecode.c.h; path = FBFontListViewController.h; sourceTree = "<group>"; };
		09D26A8718BC53BD00590E59 /* FBFontListViewController.m */ = {isa = PBXFileReference; fileEncoding = 4; lastKnownFileType = sourcecode.c.objc; path = FBFontListViewController.m; sourceTree = "<group>"; };
		09D26A8918BC545C00590E59 /* CoreText.framework */ = {isa = PBXFileReference; lastKnownFileType = wrapper.framework; name = CoreText.framework; path = System/Library/Frameworks/CoreText.framework; sourceTree = SDKROOT; };
		09D26A8D18BC972300590E59 /* icon.png */ = {isa = PBXFileReference; lastKnownFileType = image.png; name = icon.png; path = ../icon.png; sourceTree = "<group>"; };
/* End PBXFileReference section */

/* Begin PBXFrameworksBuildPhase section */
		09D26A4C18BC03E800590E59 /* Frameworks */ = {
			isa = PBXFrameworksBuildPhase;
			buildActionMask = 2147483647;
			files = (
				09D26A8A18BC545C00590E59 /* CoreText.framework in Frameworks */,
				09D26A5318BC03E800590E59 /* Cocoa.framework in Frameworks */,
			);
			runOnlyForDeploymentPostprocessing = 0;
		};
		09D26A6D18BC03E800590E59 /* Frameworks */ = {
			isa = PBXFrameworksBuildPhase;
			buildActionMask = 2147483647;
			files = (
				09D26A7318BC03E800590E59 /* Cocoa.framework in Frameworks */,
				09D26A7218BC03E800590E59 /* XCTest.framework in Frameworks */,
			);
			runOnlyForDeploymentPostprocessing = 0;
		};
/* End PBXFrameworksBuildPhase section */

/* Begin PBXGroup section */
		09D26A4618BC03E800590E59 = {
			isa = PBXGroup;
			children = (
				09D26A5818BC03E800590E59 /* FontBro */,
				09D26A7618BC03E800590E59 /* FontBroTests */,
				09D26A5118BC03E800590E59 /* Frameworks */,
				09D26A5018BC03E800590E59 /* Products */,
			);
			sourceTree = "<group>";
		};
		09D26A5018BC03E800590E59 /* Products */ = {
			isa = PBXGroup;
			children = (
				09D26A4F18BC03E800590E59 /* FontBro.app */,
				09D26A7018BC03E800590E59 /* FontBroTests.xctest */,
			);
			name = Products;
			sourceTree = "<group>";
		};
		09D26A5118BC03E800590E59 /* Frameworks */ = {
			isa = PBXGroup;
			children = (
				09D26A8918BC545C00590E59 /* CoreText.framework */,
				09D26A5218BC03E800590E59 /* Cocoa.framework */,
				09D26A7118BC03E800590E59 /* XCTest.framework */,
				09D26A5418BC03E800590E59 /* Other Frameworks */,
			);
			name = Frameworks;
			sourceTree = "<group>";
		};
		09D26A5418BC03E800590E59 /* Other Frameworks */ = {
			isa = PBXGroup;
			children = (
				09D26A5518BC03E800590E59 /* AppKit.framework */,
				09D26A5618BC03E800590E59 /* CoreData.framework */,
				09D26A5718BC03E800590E59 /* Foundation.framework */,
			);
			name = "Other Frameworks";
			sourceTree = "<group>";
		};
		09D26A5818BC03E800590E59 /* FontBro */ = {
			isa = PBXGroup;
			children = (
				09D26A6418BC03E800590E59 /* FBAppDelegate.h */,
				09D26A6518BC03E800590E59 /* FBAppDelegate.m */,
				09D26A6718BC03E800590E59 /* MainMenu.xib */,
				09D26A6A18BC03E800590E59 /* Images.xcassets */,
				09D26A5918BC03E800590E59 /* Supporting Files */,
				09D26A8618BC53BD00590E59 /* FBFontListViewController.h */,
				09D26A8718BC53BD00590E59 /* FBFontListViewController.m */,
			);
			path = FontBro;
			sourceTree = "<group>";
		};
		09D26A5918BC03E800590E59 /* Supporting Files */ = {
			isa = PBXGroup;
			children = (
				09D26A8D18BC972300590E59 /* icon.png */,
				09D26A5A18BC03E800590E59 /* FontBro-Info.plist */,
				09D26A5B18BC03E800590E59 /* InfoPlist.strings */,
				09D26A5E18BC03E800590E59 /* main.m */,
				09D26A6018BC03E800590E59 /* FontBro-Prefix.pch */,
				09D26A6118BC03E800590E59 /* Credits.rtf */,
			);
			name = "Supporting Files";
			sourceTree = "<group>";
		};
		09D26A7618BC03E800590E59 /* FontBroTests */ = {
			isa = PBXGroup;
			children = (
				09D26A7C18BC03E800590E59 /* FontBroTests.m */,
				09D26A7718BC03E800590E59 /* Supporting Files */,
			);
			path = FontBroTests;
			sourceTree = "<group>";
		};
		09D26A7718BC03E800590E59 /* Supporting Files */ = {
			isa = PBXGroup;
			children = (
				09D26A7818BC03E800590E59 /* FontBroTests-Info.plist */,
				09D26A7918BC03E800590E59 /* InfoPlist.strings */,
			);
			name = "Supporting Files";
			sourceTree = "<group>";
		};
/* End PBXGroup section */

/* Begin PBXNativeTarget section */
		09D26A4E18BC03E800590E59 /* FontBro */ = {
			isa = PBXNativeTarget;
			buildConfigurationList = 09D26A8018BC03E800590E59 /* Build configuration list for PBXNativeTarget "FontBro" */;
			buildPhases = (
				09D26A4B18BC03E800590E59 /* Sources */,
				09D26A4C18BC03E800590E59 /* Frameworks */,
				09D26A4D18BC03E800590E59 /* Resources */,
			);
			buildRules = (
			);
			dependencies = (
			);
			name = FontBro;
			productName = FontBro;
			productReference = 09D26A4F18BC03E800590E59 /* FontBro.app */;
			productType = "com.apple.product-type.application";
		};
		09D26A6F18BC03E800590E59 /* FontBroTests */ = {
			isa = PBXNativeTarget;
			buildConfigurationList = 09D26A8318BC03E800590E59 /* Build configuration list for PBXNativeTarget "FontBroTests" */;
			buildPhases = (
				09D26A6C18BC03E800590E59 /* Sources */,
				09D26A6D18BC03E800590E59 /* Frameworks */,
				09D26A6E18BC03E800590E59 /* Resources */,
			);
			buildRules = (
			);
			dependencies = (
				09D26A7518BC03E800590E59 /* PBXTargetDependency */,
			);
			name = FontBroTests;
			productName = FontBroTests;
			productReference = 09D26A7018BC03E800590E59 /* FontBroTests.xctest */;
			productType = "com.apple.product-type.bundle.unit-test";
		};
/* End PBXNativeTarget section */

/* Begin PBXProject section */
		09D26A4718BC03E800590E59 /* Project object */ = {
			isa = PBXProject;
			attributes = {
				CLASSPREFIX = FB;
				LastUpgradeCheck = 0500;
				ORGANIZATIONNAME = "Spencer Salazar";
				TargetAttributes = {
					09D26A6F18BC03E800590E59 = {
						TestTargetID = 09D26A4E18BC03E800590E59;
					};
				};
			};
			buildConfigurationList = 09D26A4A18BC03E800590E59 /* Build configuration list for PBXProject "FontBro" */;
			compatibilityVersion = "Xcode 3.2";
			developmentRegion = English;
			hasScannedForEncodings = 0;
			knownRegions = (
				en,
				Base,
			);
			mainGroup = 09D26A4618BC03E800590E59;
			productRefGroup = 09D26A5018BC03E800590E59 /* Products */;
			projectDirPath = "";
			projectRoot = "";
			targets = (
				09D26A4E18BC03E800590E59 /* FontBro */,
				09D26A6F18BC03E800590E59 /* FontBroTests */,
			);
		};
/* End PBXProject section */

/* Begin PBXResourcesBuildPhase section */
		09D26A4D18BC03E800590E59 /* Resources */ = {
			isa = PBXResourcesBuildPhase;
			buildActionMask = 2147483647;
			files = (
				09D26A5D18BC03E800590E59 /* InfoPlist.strings in Resources */,
				09D26A8E18BC972300590E59 /* icon.png in Resources */,
				09D26A6B18BC03E800590E59 /* Images.xcassets in Resources */,
				09D26A6318BC03E800590E59 /* Credits.rtf in Resources */,
				09D26A6918BC03E800590E59 /* MainMenu.xib in Resources */,
			);
			runOnlyForDeploymentPostprocessing = 0;
		};
		09D26A6E18BC03E800590E59 /* Resources */ = {
			isa = PBXResourcesBuildPhase;
			buildActionMask = 2147483647;
			files = (
				09D26A7B18BC03E800590E59 /* InfoPlist.strings in Resources */,
			);
			runOnlyForDeploymentPostprocessing = 0;
		};
/* End PBXResourcesBuildPhase section */

/* Begin PBXSourcesBuildPhase section */
		09D26A4B18BC03E800590E59 /* Sources */ = {
			isa = PBXSourcesBuildPhase;
			buildActionMask = 2147483647;
			files = (
				09D26A6618BC03E800590E59 /* FBAppDelegate.m in Sources */,
				09D26A8818BC53BD00590E59 /* FBFontListViewController.m in Sources */,
				09D26A5F18BC03E800590E59 /* main.m in Sources */,
			);
			runOnlyForDeploymentPostprocessing = 0;
		};
		09D26A6C18BC03E800590E59 /* Sources */ = {
			isa = PBXSourcesBuildPhase;
			buildActionMask = 2147483647;
			files = (
				09D26A7D18BC03E800590E59 /* FontBroTests.m in Sources */,
			);
			runOnlyForDeploymentPostprocessing = 0;
		};
/* End PBXSourcesBuildPhase section */

/* Begin PBXTargetDependency section */
		09D26A7518BC03E800590E59 /* PBXTargetDependency */ = {
			isa = PBXTargetDependency;
			target = 09D26A4E18BC03E800590E59 /* FontBro */;
			targetProxy = 09D26A7418BC03E800590E59 /* PBXContainerItemProxy */;
		};
/* End PBXTargetDependency section */

/* Begin PBXVariantGroup section */
		09D26A5B18BC03E800590E59 /* InfoPlist.strings */ = {
			isa = PBXVariantGroup;
			children = (
				09D26A5C18BC03E800590E59 /* en */,
			);
			name = InfoPlist.strings;
			sourceTree = "<group>";
		};
		09D26A6118BC03E800590E59 /* Credits.rtf */ = {
			isa = PBXVariantGroup;
			children = (
				09D26A6218BC03E800590E59 /* en */,
			);
			name = Credits.rtf;
			sourceTree = "<group>";
		};
		09D26A6718BC03E800590E59 /* MainMenu.xib */ = {
			isa = PBXVariantGroup;
			children = (
				09D26A6818BC03E800590E59 /* Base */,
			);
			name = MainMenu.xib;
			sourceTree = "<group>";
		};
		09D26A7918BC03E800590E59 /* InfoPlist.strings */ = {
			isa = PBXVariantGroup;
			children = (
				09D26A7A18BC03E800590E59 /* en */,
			);
			name = InfoPlist.strings;
			sourceTree = "<group>";
		};
/* End PBXVariantGroup section */

/* Begin XCBuildConfiguration section */
		09D26A7E18BC03E800590E59 /* Debug */ = {
			isa = XCBuildConfiguration;
			buildSettings = {
				ALWAYS_SEARCH_USER_PATHS = NO;
				CLANG_CXX_LANGUAGE_STANDARD = "gnu++0x";
				CLANG_CXX_LIBRARY = "libc++";
				CLANG_ENABLE_OBJC_ARC = YES;
				CLANG_WARN_BOOL_CONVERSION = YES;
				CLANG_WARN_CONSTANT_CONVERSION = YES;
				CLANG_WARN_DIRECT_OBJC_ISA_USAGE = YES_ERROR;
				CLANG_WARN_EMPTY_BODY = YES;
				CLANG_WARN_ENUM_CONVERSION = YES;
				CLANG_WARN_INT_CONVERSION = YES;
				CLANG_WARN_OBJC_ROOT_CLASS = YES_ERROR;
				CLANG_WARN__DUPLICATE_METHOD_MATCH = YES;
				COPY_PHASE_STRIP = NO;
				GCC_C_LANGUAGE_STANDARD = gnu99;
				GCC_DYNAMIC_NO_PIC = NO;
				GCC_ENABLE_OBJC_EXCEPTIONS = YES;
				GCC_OPTIMIZATION_LEVEL = 0;
				GCC_PREPROCESSOR_DEFINITIONS = (
					"DEBUG=1",
					"$(inherited)",
				);
				GCC_SYMBOLS_PRIVATE_EXTERN = NO;
				GCC_WARN_64_TO_32_BIT_CONVERSION = YES;
				GCC_WARN_ABOUT_RETURN_TYPE = YES_ERROR;
				GCC_WARN_UNDECLARED_SELECTOR = YES;
				GCC_WARN_UNINITIALIZED_AUTOS = YES;
				GCC_WARN_UNUSED_FUNCTION = YES;
				GCC_WARN_UNUSED_VARIABLE = YES;
				MACOSX_DEPLOYMENT_TARGET = 10.8;
				ONLY_ACTIVE_ARCH = YES;
				SDKROOT = macosx;
			};
			name = Debug;
		};
		09D26A7F18BC03E800590E59 /* Release */ = {
			isa = XCBuildConfiguration;
			buildSettings = {
				ALWAYS_SEARCH_USER_PATHS = NO;
				CLANG_CXX_LANGUAGE_STANDARD = "gnu++0x";
				CLANG_CXX_LIBRARY = "libc++";
				CLANG_ENABLE_OBJC_ARC = YES;
				CLANG_WARN_BOOL_CONVERSION = YES;
				CLANG_WARN_CONSTANT_CONVERSION = YES;
				CLANG_WARN_DIRECT_OBJC_ISA_USAGE = YES_ERROR;
				CLANG_WARN_EMPTY_BODY = YES;
				CLANG_WARN_ENUM_CONVERSION = YES;
				CLANG_WARN_INT_CONVERSION = YES;
				CLANG_WARN_OBJC_ROOT_CLASS = YES_ERROR;
				CLANG_WARN__DUPLICATE_METHOD_MATCH = YES;
				COPY_PHASE_STRIP = YES;
				DEBUG_INFORMATION_FORMAT = "dwarf-with-dsym";
				ENABLE_NS_ASSERTIONS = NO;
				GCC_C_LANGUAGE_STANDARD = gnu99;
				GCC_ENABLE_OBJC_EXCEPTIONS = YES;
				GCC_WARN_64_TO_32_BIT_CONVERSION = YES;
				GCC_WARN_ABOUT_RETURN_TYPE = YES_ERROR;
				GCC_WARN_UNDECLARED_SELECTOR = YES;
				GCC_WARN_UNINITIALIZED_AUTOS = YES;
				GCC_WARN_UNUSED_FUNCTION = YES;
				GCC_WARN_UNUSED_VARIABLE = YES;
				MACOSX_DEPLOYMENT_TARGET = 10.8;
				SDKROOT = macosx;
			};
			name = Release;
		};
		09D26A8118BC03E800590E59 /* Debug */ = {
			isa = XCBuildConfiguration;
			buildSettings = {
				ASSETCATALOG_COMPILER_APPICON_NAME = AppIcon;
				COMBINE_HIDPI_IMAGES = YES;
				GCC_PRECOMPILE_PREFIX_HEADER = YES;
				GCC_PREFIX_HEADER = "FontBro/FontBro-Prefix.pch";
				INFOPLIST_FILE = "FontBro/FontBro-Info.plist";
				PRODUCT_NAME = "$(TARGET_NAME)";
				WRAPPER_EXTENSION = app;
			};
			name = Debug;
		};
		09D26A8218BC03E800590E59 /* Release */ = {
			isa = XCBuildConfiguration;
			buildSettings = {
				ASSETCATALOG_COMPILER_APPICON_NAME = AppIcon;
				COMBINE_HIDPI_IMAGES = YES;
				GCC_PRECOMPILE_PREFIX_HEADER = YES;
				GCC_PREFIX_HEADER = "FontBro/FontBro-Prefix.pch";
				INFOPLIST_FILE = "FontBro/FontBro-Info.plist";
				PRODUCT_NAME = "$(TARGET_NAME)";
				WRAPPER_EXTENSION = app;
			};
			name = Release;
		};
		09D26A8418BC03E800590E59 /* Debug */ = {
			isa = XCBuildConfiguration;
			buildSettings = {
				BUNDLE_LOADER = "$(BUILT_PRODUCTS_DIR)/FontBro.app/Contents/MacOS/FontBro";
				COMBINE_HIDPI_IMAGES = YES;
				FRAMEWORK_SEARCH_PATHS = (
					"$(DEVELOPER_FRAMEWORKS_DIR)",
					"$(inherited)",
				);
				GCC_PRECOMPILE_PREFIX_HEADER = YES;
				GCC_PREFIX_HEADER = "FontBro/FontBro-Prefix.pch";
				GCC_PREPROCESSOR_DEFINITIONS = (
					"DEBUG=1",
					"$(inherited)",
				);
				INFOPLIST_FILE = "FontBroTests/FontBroTests-Info.plist";
				PRODUCT_NAME = "$(TARGET_NAME)";
				TEST_HOST = "$(BUNDLE_LOADER)";
				WRAPPER_EXTENSION = xctest;
			};
			name = Debug;
		};
		09D26A8518BC03E800590E59 /* Release */ = {
			isa = XCBuildConfiguration;
			buildSettings = {
				BUNDLE_LOADER = "$(BUILT_PRODUCTS_DIR)/FontBro.app/Contents/MacOS/FontBro";
				COMBINE_HIDPI_IMAGES = YES;
				FRAMEWORK_SEARCH_PATHS = (
					"$(DEVELOPER_FRAMEWORKS_DIR)",
					"$(inherited)",
				);
				GCC_PRECOMPILE_PREFIX_HEADER = YES;
				GCC_PREFIX_HEADER = "FontBro/FontBro-Prefix.pch";
				INFOPLIST_FILE = "FontBroTests/FontBroTests-Info.plist";
				PRODUCT_NAME = "$(TARGET_NAME)";
				TEST_HOST = "$(BUNDLE_LOADER)";
				WRAPPER_EXTENSION = xctest;
			};
			name = Release;
		};
/* End XCBuildConfiguration section */

/* Begin XCConfigurationList section */
		09D26A4A18BC03E800590E59 /* Build configuration list for PBXProject "FontBro" */ = {
			isa = XCConfigurationList;
			buildConfigurations = (
				09D26A7E18BC03E800590E59 /* Debug */,
				09D26A7F18BC03E800590E59 /* Release */,
			);
			defaultConfigurationIsVisible = 0;
			defaultConfigurationName = Release;
		};
		09D26A8018BC03E800590E59 /* Build configuration list for PBXNativeTarget "FontBro" */ = {
			isa = XCConfigurationList;
			buildConfigurations = (
				09D26A8118BC03E800590E59 /* Debug */,
				09D26A8218BC03E800590E59 /* Release */,
			);
			defaultConfigurationIsVisible = 0;
		};
		09D26A8318BC03E800590E59 /* Build configuration list for PBXNativeTarget "FontBroTests" */ = {
			isa = XCConfigurationList;
			buildConfigurations = (
				09D26A8418BC03E800590E59 /* Debug */,
				09D26A8518BC03E800590E59 /* Release */,
			);
			defaultConfigurationIsVisible = 0;
		};
/* End XCConfigurationList section */
	};
	rootObject = 09D26A4718BC03E800590E59 /* Project object */;
}
